
Microsoft Visual Studio Solution File, Format Version 12.00
# Visual Studio 15
VisualStudioVersion = 15.0.28307.1300
MinimumVisualStudioVersion = 10.0.40219.1
Project("{9A19103F-16F7-4668-BE54-9A1E7A4F7556}") = "Android7", "Android7\Android7.csproj", "{B5B49887-1A41-4942-9D32-89AE6475702A}"
EndProject
Project("{FAE04EC0-301F-11D3-BF4B-00C04F79EFBC}") = "Android7.Android", "Android7.Android\Android7.Android.csproj", "{781430D8-EA43-477A-B3EB-5469FB15D468}"
EndProject
Global
	GlobalSection(SolutionConfigurationPlatforms) = preSolution
		Debug|Any CPU = Debug|Any CPU
		Release|Any CPU = Release|Any CPU
	EndGlobalSection
	GlobalSection(ProjectConfigurationPlatforms) = postSolution
		{B5B49887-1A41-4942-9D32-89AE6475702A}.Debug|Any CPU.ActiveCfg = Debug|Any CPU
		{B5B49887-1A41-4942-9D32-89AE6475702A}.Debug|Any CPU.Build.0 = Debug|Any CPU
		{B5B49887-1A41-4942-9D32-89AE6475702A}.Release|Any CPU.ActiveCfg = Release|Any CPU
		{B5B49887-1A41-4942-9D32-89AE6475702A}.Release|Any CPU.Build.0 = Release|Any CPU
		{781430D8-EA43-477A-B3EB-5469FB15D468}.Debug|Any CPU.ActiveCfg = Debug|Any CPU
		{781430D8-EA43-477A-B3EB-5469FB15D468}.Debug|Any CPU.Build.0 = Debug|Any CPU
		{781430D8-EA43-477A-B3EB-5469FB15D468}.Debug|Any CPU.Deploy.0 = Debug|Any CPU
		{781430D8-EA43-477A-B3EB-5469FB15D468}.Release|Any CPU.ActiveCfg = Release|Any CPU
		{781430D8-EA43-477A-B3EB-5469FB15D468}.Release|Any CPU.Build.0 = Release|Any CPU
		{781430D8-EA43-477A-B3EB-5469FB15D468}.Release|Any CPU.Deploy.0 = Release|Any CPU
	EndGlobalSection
	GlobalSection(SolutionProperties) = preSolution
		HideSolutionNode = FALSE
	EndGlobalSection
	GlobalSection(ExtensibilityGlobals) = postSolution
		SolutionGuid = {86E93194-3755-4936-9A94-1DACB0142B64}
	EndGlobalSection
EndGlobal
